
Microsoft Visual Studio Solution File, Format Version 12.00
# Visual Studio Version 17
VisualStudioVersion = 17.12.35707.178 d17.12
MinimumVisualStudioVersion = 10.0.40219.1
Project("{FAE04EC0-301F-11D3-BF4B-00C04F79EFBC}") = "P01_StudentSystem", "P01_StudentSystem\P01_StudentSystem.csproj", "{011D47A7-B42B-4B31-BB06-98FBD55A9D72}"
EndProject
Project("{FAE04EC0-301F-11D3-BF4B-00C04F79EFBC}") = "P01_StudentSystem.Data", "P01_StudentSystem.Data\P01_StudentSystem.Data.csproj", "{6B7D137A-12BA-4579-9F7D-CD390C44F79B}"
EndProject
Project("{FAE04EC0-301F-11D3-BF4B-00C04F79EFBC}") = "P01_StudentSystem.Data.Models", "P01_StudentSystem.Data.Models\P01_StudentSystem.Data.Models.csproj", "{77C251CB-802A-49F1-B2FB-FDCBF46877BD}"
EndProject
Global
	GlobalSection(SolutionConfigurationPlatforms) = preSolution
		Debug|Any CPU = Debug|Any CPU
		Release|Any CPU = Release|Any CPU
	EndGlobalSection
	GlobalSection(ProjectConfigurationPlatforms) = postSolution
		{011D47A7-B42B-4B31-BB06-98FBD55A9D72}.Debug|Any CPU.ActiveCfg = Debug|Any CPU
		{011D47A7-B42B-4B31-BB06-98FBD55A9D72}.Debug|Any CPU.Build.0 = Debug|Any CPU
		{011D47A7-B42B-4B31-BB06-98FBD55A9D72}.Release|Any CPU.ActiveCfg = Release|Any CPU
		{011D47A7-B42B-4B31-BB06-98FBD55A9D72}.Release|Any CPU.Build.0 = Release|Any CPU
		{6B7D137A-12BA-4579-9F7D-CD390C44F79B}.Debug|Any CPU.ActiveCfg = Debug|Any CPU
		{6B7D137A-12BA-4579-9F7D-CD390C44F79B}.Debug|Any CPU.Build.0 = Debug|Any CPU
		{6B7D137A-12BA-4579-9F7D-CD390C44F79B}.Release|Any CPU.ActiveCfg = Release|Any CPU
		{6B7D137A-12BA-4579-9F7D-CD390C44F79B}.Release|Any CPU.Build.0 = Release|Any CPU
		{77C251CB-802A-49F1-B2FB-FDCBF46877BD}.Debug|Any CPU.ActiveCfg = Debug|Any CPU
		{77C251CB-802A-49F1-B2FB-FDCBF46877BD}.Debug|Any CPU.Build.0 = Debug|Any CPU
		{77C251CB-802A-49F1-B2FB-FDCBF46877BD}.Release|Any CPU.ActiveCfg = Release|Any CPU
		{77C251CB-802A-49F1-B2FB-FDCBF46877BD}.Release|Any CPU.Build.0 = Release|Any CPU
	EndGlobalSection
	GlobalSection(SolutionProperties) = preSolution
		HideSolutionNode = FALSE
	EndGlobalSection
EndGlobal
